
Microsoft Visual Studio Solution File, Format Version 12.00
# Visual Studio 15
VisualStudioVersion = 15.0.28307.705
MinimumVisualStudioVersion = 10.0.40219.1
Project("{A0786B88-2ADB-4C21-ABE8-AA2D79766269}") = "ITRW316-WordReplacement", "ITRW316-WordReplacement.phpproj", "{BF12FBF6-C426-434C-8AD1-578106025B62}"
EndProject
Global
	GlobalSection(SolutionConfigurationPlatforms) = preSolution
		Debug|Any CPU = Debug|Any CPU
		Release|Any CPU = Release|Any CPU
	EndGlobalSection
	GlobalSection(ProjectConfigurationPlatforms) = postSolution
		{BF12FBF6-C426-434C-8AD1-578106025B62}.Debug|Any CPU.ActiveCfg = Debug|Any CPU
		{BF12FBF6-C426-434C-8AD1-578106025B62}.Release|Any CPU.ActiveCfg = Release|Any CPU
	EndGlobalSection
	GlobalSection(SolutionProperties) = preSolution
		HideSolutionNode = FALSE
	EndGlobalSection
	GlobalSection(ExtensibilityGlobals) = postSolution
		SolutionGuid = {61144054-F124-42F6-AC65-039E50612936}
	EndGlobalSection
EndGlobal
